
Microsoft Visual Studio Solution File, Format Version 12.00
# Visual Studio Version 18
VisualStudioVersion = 18.0.11222.15 d18.0
MinimumVisualStudioVersion = 10.0.40219.1
Project("{FAE04EC0-301F-11D3-BF4B-00C04F79EFBC}") = "PocketVault.Core", "PocketVault.Core\PocketVault.Core.csproj", "{1A92D873-48B5-49AE-8614-E305C817B8FE}"
EndProject
Global
	GlobalSection(SolutionConfigurationPlatforms) = preSolution
		Debug|Any CPU = Debug|Any CPU
		Release|Any CPU = Release|Any CPU
	EndGlobalSection
	GlobalSection(ProjectConfigurationPlatforms) = postSolution
		{1A92D873-48B5-49AE-8614-E305C817B8FE}.Debug|Any CPU.ActiveCfg = Debug|Any CPU
		{1A92D873-48B5-49AE-8614-E305C817B8FE}.Debug|Any CPU.Build.0 = Debug|Any CPU
		{1A92D873-48B5-49AE-8614-E305C817B8FE}.Release|Any CPU.ActiveCfg = Release|Any CPU
		{1A92D873-48B5-49AE-8614-E305C817B8FE}.Release|Any CPU.Build.0 = Release|Any CPU
	EndGlobalSection
	GlobalSection(SolutionProperties) = preSolution
		HideSolutionNode = FALSE
	EndGlobalSection
	GlobalSection(ExtensibilityGlobals) = postSolution
		SolutionGuid = {87F5F988-D62F-4309-BCD0-E4151A92B48D}
	EndGlobalSection
EndGlobal
